
Microsoft Visual Studio Solution File, Format Version 12.00
# Visual Studio Version 17
VisualStudioVersion = 17.4.33213.308
MinimumVisualStudioVersion = 10.0.40219.1
Project("{8BC9CEB8-8B4A-11D0-8D11-00A0C91BC942}") = "dinamicLibCMake", "dinamicLibCMake\dinamicLibCMake.vcxproj", "{B727B20F-2269-4952-A0D4-8B307E9BD636}"
EndProject
Project("{8BC9CEB8-8B4A-11D0-8D11-00A0C91BC942}") = "ConsoleApplication1", "ConsoleApplication1\ConsoleApplication1.vcxproj", "{BF54994C-9608-4A61-A70D-68A93F0981B3}"
EndProject
Global
	GlobalSection(SolutionConfigurationPlatforms) = preSolution
		Debug|x64 = Debug|x64
		Debug|x86 = Debug|x86
		Release|x64 = Release|x64
		Release|x86 = Release|x86
	EndGlobalSection
	GlobalSection(ProjectConfigurationPlatforms) = postSolution
		{B727B20F-2269-4952-A0D4-8B307E9BD636}.Debug|x64.ActiveCfg = Debug|x64
		{B727B20F-2269-4952-A0D4-8B307E9BD636}.Debug|x64.Build.0 = Debug|x64
		{B727B20F-2269-4952-A0D4-8B307E9BD636}.Debug|x86.ActiveCfg = Debug|Win32
		{B727B20F-2269-4952-A0D4-8B307E9BD636}.Debug|x86.Build.0 = Debug|Win32
		{B727B20F-2269-4952-A0D4-8B307E9BD636}.Release|x64.ActiveCfg = Release|x64
		{B727B20F-2269-4952-A0D4-8B307E9BD636}.Release|x64.Build.0 = Release|x64
		{B727B20F-2269-4952-A0D4-8B307E9BD636}.Release|x86.ActiveCfg = Release|Win32
		{B727B20F-2269-4952-A0D4-8B307E9BD636}.Release|x86.Build.0 = Release|Win32
		{BF54994C-9608-4A61-A70D-68A93F0981B3}.Debug|x64.ActiveCfg = Debug|x64
		{BF54994C-9608-4A61-A70D-68A93F0981B3}.Debug|x64.Build.0 = Debug|x64
		{BF54994C-9608-4A61-A70D-68A93F0981B3}.Debug|x86.ActiveCfg = Debug|Win32
		{BF54994C-9608-4A61-A70D-68A93F0981B3}.Debug|x86.Build.0 = Debug|Win32
		{BF54994C-9608-4A61-A70D-68A93F0981B3}.Release|x64.ActiveCfg = Release|x64
		{BF54994C-9608-4A61-A70D-68A93F0981B3}.Release|x64.Build.0 = Release|x64
		{BF54994C-9608-4A61-A70D-68A93F0981B3}.Release|x86.ActiveCfg = Release|Win32
		{BF54994C-9608-4A61-A70D-68A93F0981B3}.Release|x86.Build.0 = Release|Win32
	EndGlobalSection
	GlobalSection(SolutionProperties) = preSolution
		HideSolutionNode = FALSE
	EndGlobalSection
	GlobalSection(ExtensibilityGlobals) = postSolution
		SolutionGuid = {EFC2043C-2860-4722-A86F-84E5E8DAC192}
	EndGlobalSection
EndGlobal
